
Microsoft Visual Studio Solution File, Format Version 12.00
# Visual Studio Version 17
VisualStudioVersion = 17.2.32630.192
MinimumVisualStudioVersion = 10.0.40219.1
Project("{FAE04EC0-301F-11D3-BF4B-00C04F79EFBC}") = "AndroidSpawner", "AndroidSpawner.csproj", "{1A189B7B-7A51-4658-A254-A883E1B1627A}"
EndProject
Global
	GlobalSection(SolutionConfigurationPlatforms) = preSolution
		Debug|Any CPU = Debug|Any CPU
		Release|Any CPU = Release|Any CPU
	EndGlobalSection
	GlobalSection(ProjectConfigurationPlatforms) = postSolution
		{1A189B7B-7A51-4658-A254-A883E1B1627A}.Debug|Any CPU.ActiveCfg = Debug|Any CPU
		{1A189B7B-7A51-4658-A254-A883E1B1627A}.Debug|Any CPU.Build.0 = Debug|Any CPU
		{1A189B7B-7A51-4658-A254-A883E1B1627A}.Release|Any CPU.ActiveCfg = Release|Any CPU
		{1A189B7B-7A51-4658-A254-A883E1B1627A}.Release|Any CPU.Build.0 = Release|Any CPU
	EndGlobalSection
	GlobalSection(SolutionProperties) = preSolution
		HideSolutionNode = FALSE
	EndGlobalSection
	GlobalSection(ExtensibilityGlobals) = postSolution
		SolutionGuid = {7744061C-2411-4A41-B23B-829913A35C6A}
	EndGlobalSection
EndGlobal
